
Microsoft Visual Studio Solution File, Format Version 12.00
# Visual Studio Version 16
VisualStudioVersion = 16.0.30204.135
MinimumVisualStudioVersion = 10.0.40219.1
Project("{8BC9CEB8-8B4A-11D0-8D11-00A0C91BC942}") = "面向对象", "面向对象\面向对象.vcxproj", "{1562482C-738C-44FF-ABF1-5CB3A7978EEC}"
EndProject
Project("{8BC9CEB8-8B4A-11D0-8D11-00A0C91BC942}") = "基于多态的企业职工系统", "基于多态的企业职工系统\基于多态的企业职工系统.vcxproj", "{06A61679-8623-4030-BE54-2E18FED1FD1B}"
EndProject
Project("{8BC9CEB8-8B4A-11D0-8D11-00A0C91BC942}") = "模板", "模板\模板.vcxproj", "{1910C309-1E01-4268-8C0C-6A2BF18B1BD1}"
EndProject
Project("{8BC9CEB8-8B4A-11D0-8D11-00A0C91BC942}") = "重看项目", "重看项目\重看项目.vcxproj", "{7C13BA0C-F472-4CF5-8985-72B38AFE829E}"
EndProject
Global
	GlobalSection(SolutionConfigurationPlatforms) = preSolution
		Debug|x64 = Debug|x64
		Debug|x86 = Debug|x86
		Release|x64 = Release|x64
		Release|x86 = Release|x86
	EndGlobalSection
	GlobalSection(ProjectConfigurationPlatforms) = postSolution
		{1562482C-738C-44FF-ABF1-5CB3A7978EEC}.Debug|x64.ActiveCfg = Debug|x64
		{1562482C-738C-44FF-ABF1-5CB3A7978EEC}.Debug|x64.Build.0 = Debug|x64
		{1562482C-738C-44FF-ABF1-5CB3A7978EEC}.Debug|x86.ActiveCfg = Debug|Win32
		{1562482C-738C-44FF-ABF1-5CB3A7978EEC}.Debug|x86.Build.0 = Debug|Win32
		{1562482C-738C-44FF-ABF1-5CB3A7978EEC}.Release|x64.ActiveCfg = Release|x64
		{1562482C-738C-44FF-ABF1-5CB3A7978EEC}.Release|x64.Build.0 = Release|x64
		{1562482C-738C-44FF-ABF1-5CB3A7978EEC}.Release|x86.ActiveCfg = Release|Win32
		{1562482C-738C-44FF-ABF1-5CB3A7978EEC}.Release|x86.Build.0 = Release|Win32
		{06A61679-8623-4030-BE54-2E18FED1FD1B}.Debug|x64.ActiveCfg = Debug|x64
		{06A61679-8623-4030-BE54-2E18FED1FD1B}.Debug|x64.Build.0 = Debug|x64
		{06A61679-8623-4030-BE54-2E18FED1FD1B}.Debug|x86.ActiveCfg = Debug|Win32
		{06A61679-8623-4030-BE54-2E18FED1FD1B}.Debug|x86.Build.0 = Debug|Win32
		{06A61679-8623-4030-BE54-2E18FED1FD1B}.Release|x64.ActiveCfg = Release|x64
		{06A61679-8623-4030-BE54-2E18FED1FD1B}.Release|x64.Build.0 = Release|x64
		{06A61679-8623-4030-BE54-2E18FED1FD1B}.Release|x86.ActiveCfg = Release|Win32
		{06A61679-8623-4030-BE54-2E18FED1FD1B}.Release|x86.Build.0 = Release|Win32
		{1910C309-1E01-4268-8C0C-6A2BF18B1BD1}.Debug|x64.ActiveCfg = Debug|x64
		{1910C309-1E01-4268-8C0C-6A2BF18B1BD1}.Debug|x64.Build.0 = Debug|x64
		{1910C309-1E01-4268-8C0C-6A2BF18B1BD1}.Debug|x86.ActiveCfg = Debug|Win32
		{1910C309-1E01-4268-8C0C-6A2BF18B1BD1}.Debug|x86.Build.0 = Debug|Win32
		{1910C309-1E01-4268-8C0C-6A2BF18B1BD1}.Release|x64.ActiveCfg = Release|x64
		{1910C309-1E01-4268-8C0C-6A2BF18B1BD1}.Release|x64.Build.0 = Release|x64
		{1910C309-1E01-4268-8C0C-6A2BF18B1BD1}.Release|x86.ActiveCfg = Release|Win32
		{1910C309-1E01-4268-8C0C-6A2BF18B1BD1}.Release|x86.Build.0 = Release|Win32
		{7C13BA0C-F472-4CF5-8985-72B38AFE829E}.Debug|x64.ActiveCfg = Debug|x64
		{7C13BA0C-F472-4CF5-8985-72B38AFE829E}.Debug|x64.Build.0 = Debug|x64
		{7C13BA0C-F472-4CF5-8985-72B38AFE829E}.Debug|x86.ActiveCfg = Debug|Win32
		{7C13BA0C-F472-4CF5-8985-72B38AFE829E}.Debug|x86.Build.0 = Debug|Win32
		{7C13BA0C-F472-4CF5-8985-72B38AFE829E}.Release|x64.ActiveCfg = Release|x64
		{7C13BA0C-F472-4CF5-8985-72B38AFE829E}.Release|x64.Build.0 = Release|x64
		{7C13BA0C-F472-4CF5-8985-72B38AFE829E}.Release|x86.ActiveCfg = Release|Win32
		{7C13BA0C-F472-4CF5-8985-72B38AFE829E}.Release|x86.Build.0 = Release|Win32
	EndGlobalSection
	GlobalSection(SolutionProperties) = preSolution
		HideSolutionNode = FALSE
	EndGlobalSection
	GlobalSection(ExtensibilityGlobals) = postSolution
		SolutionGuid = {FB3DDA0E-183D-48F9-9C16-103CB19619E7}
	EndGlobalSection
EndGlobal
